PODS:
  - Aspects (1.4.1)
  - RSSwizzle (0.1.0)

DEPENDENCIES:
  - Aspects (~> 1.4.1)
  - RSSwizzle (~> 0.1.0)

SPEC REPOS:
  https://github.com/cocoapods/specs.git:
    - Aspects
    - RSSwizzle

SPEC CHECKSUMS:
  Aspects: 7595ba96a6727a58ebcbfc954497fc5d2fdde546
  RSSwizzle: d561958f595028bfcef98c7d55c318b3878a61c6

PODFILE CHECKSUM: d723b3338f1936a19599e9376be92386b896d1b3

COCOAPODS: 1.5.3
